
Microsoft Visual Studio Solution File, Format Version 12.00
# Visual Studio Version 17
VisualStudioVersion = 17.13.35931.197 d17.13
MinimumVisualStudioVersion = 10.0.40219.1
Project("{FAE04EC0-301F-11D3-BF4B-00C04F79EFBC}") = "CommunityFabs.NET.Generator.Templates", "CommunityFabs.NET.Generator.Templates\CommunityFabs.NET.Generator.Templates.csproj", "{E0B83226-FD96-4F67-AD7D-773591D0324B}"
EndProject
Project("{FAE04EC0-301F-11D3-BF4B-00C04F79EFBC}") = "CommunityFabs.NET.Generator", "CommunityFabs.NET.Generator\CommunityFabs.NET.Generator.csproj", "{515FE534-1A59-43DE-B016-A1D3D5FE66EA}"
EndProject
Project("{FAE04EC0-301F-11D3-BF4B-00C04F79EFBC}") = "CommunityFabs.NET.Sdk", "CommunityFabs.NET.Sdk\CommunityFabs.NET.Sdk.csproj", "{20FBE6D8-BD2A-42FC-A0FB-AB27AD3299C5}"
EndProject
Global
	GlobalSection(SolutionConfigurationPlatforms) = preSolution
		Debug|Any CPU = Debug|Any CPU
		Release|Any CPU = Release|Any CPU
	EndGlobalSection
	GlobalSection(ProjectConfigurationPlatforms) = postSolution
		{E0B83226-FD96-4F67-AD7D-773591D0324B}.Debug|Any CPU.ActiveCfg = Debug|Any CPU
		{E0B83226-FD96-4F67-AD7D-773591D0324B}.Debug|Any CPU.Build.0 = Debug|Any CPU
		{E0B83226-FD96-4F67-AD7D-773591D0324B}.Release|Any CPU.ActiveCfg = Release|Any CPU
		{E0B83226-FD96-4F67-AD7D-773591D0324B}.Release|Any CPU.Build.0 = Release|Any CPU
		{515FE534-1A59-43DE-B016-A1D3D5FE66EA}.Debug|Any CPU.ActiveCfg = Debug|Any CPU
		{515FE534-1A59-43DE-B016-A1D3D5FE66EA}.Debug|Any CPU.Build.0 = Debug|Any CPU
		{515FE534-1A59-43DE-B016-A1D3D5FE66EA}.Release|Any CPU.ActiveCfg = Release|Any CPU
		{515FE534-1A59-43DE-B016-A1D3D5FE66EA}.Release|Any CPU.Build.0 = Release|Any CPU
		{20FBE6D8-BD2A-42FC-A0FB-AB27AD3299C5}.Debug|Any CPU.ActiveCfg = Debug|Any CPU
		{20FBE6D8-BD2A-42FC-A0FB-AB27AD3299C5}.Debug|Any CPU.Build.0 = Debug|Any CPU
		{20FBE6D8-BD2A-42FC-A0FB-AB27AD3299C5}.Release|Any CPU.ActiveCfg = Release|Any CPU
		{20FBE6D8-BD2A-42FC-A0FB-AB27AD3299C5}.Release|Any CPU.Build.0 = Release|Any CPU
	EndGlobalSection
	GlobalSection(SolutionProperties) = preSolution
		HideSolutionNode = FALSE
	EndGlobalSection
	GlobalSection(ExtensibilityGlobals) = postSolution
		SolutionGuid = {AB0606F7-F8FD-49CE-BBCE-CDEB33377FF6}
	EndGlobalSection
EndGlobal
